
Microsoft Visual Studio Solution File, Format Version 12.00
# Visual Studio Version 16
VisualStudioVersion = 16.0.30413.136
MinimumVisualStudioVersion = 10.0.40219.1
Project("{FAE04EC0-301F-11D3-BF4B-00C04F79EFBC}") = "JogoDaForca", "JogoDaForca\JogoDaForca.csproj", "{8AE00B4C-FAEE-49C0-9B99-A869A20BD30C}"
EndProject
Global
	GlobalSection(SolutionConfigurationPlatforms) = preSolution
		Debug|Any CPU = Debug|Any CPU
		Release|Any CPU = Release|Any CPU
	EndGlobalSection
	GlobalSection(ProjectConfigurationPlatforms) = postSolution
		{8AE00B4C-FAEE-49C0-9B99-A869A20BD30C}.Debug|Any CPU.ActiveCfg = Debug|Any CPU
		{8AE00B4C-FAEE-49C0-9B99-A869A20BD30C}.Debug|Any CPU.Build.0 = Debug|Any CPU
		{8AE00B4C-FAEE-49C0-9B99-A869A20BD30C}.Release|Any CPU.ActiveCfg = Release|Any CPU
		{8AE00B4C-FAEE-49C0-9B99-A869A20BD30C}.Release|Any CPU.Build.0 = Release|Any CPU
	EndGlobalSection
	GlobalSection(SolutionProperties) = preSolution
		HideSolutionNode = FALSE
	EndGlobalSection
	GlobalSection(ExtensibilityGlobals) = postSolution
		SolutionGuid = {3F4AD430-F6A0-4CAF-B980-92B8BE25C075}
	EndGlobalSection
EndGlobal
